
Microsoft Visual Studio Solution File, Format Version 12.00
# Visual Studio 15
VisualStudioVersion = 15.0.26730.16
MinimumVisualStudioVersion = 10.0.40219.1
Project("{8BC9CEB8-8B4A-11D0-8D11-00A0C91BC942}") = "TrentGB", "TrentGB\TrentGB.vcxproj", "{C53F3BF4-9E52-47D0-9AAD-B771D115AA4C}"
EndProject
Global
	GlobalSection(SolutionConfigurationPlatforms) = preSolution
		Debug|x64 = Debug|x64
		Debug|x86 = Debug|x86
		Release|x64 = Release|x64
		Release|x86 = Release|x86
	EndGlobalSection
	GlobalSection(ProjectConfigurationPlatforms) = postSolution
		{C53F3BF4-9E52-47D0-9AAD-B771D115AA4C}.Debug|x64.ActiveCfg = Debug|x64
		{C53F3BF4-9E52-47D0-9AAD-B771D115AA4C}.Debug|x64.Build.0 = Debug|x64
		{C53F3BF4-9E52-47D0-9AAD-B771D115AA4C}.Debug|x86.ActiveCfg = Debug|Win32
		{C53F3BF4-9E52-47D0-9AAD-B771D115AA4C}.Debug|x86.Build.0 = Debug|Win32
		{C53F3BF4-9E52-47D0-9AAD-B771D115AA4C}.Release|x64.ActiveCfg = Release|x64
		{C53F3BF4-9E52-47D0-9AAD-B771D115AA4C}.Release|x64.Build.0 = Release|x64
		{C53F3BF4-9E52-47D0-9AAD-B771D115AA4C}.Release|x86.ActiveCfg = Release|Win32
		{C53F3BF4-9E52-47D0-9AAD-B771D115AA4C}.Release|x86.Build.0 = Release|Win32
	EndGlobalSection
	GlobalSection(SolutionProperties) = preSolution
		HideSolutionNode = FALSE
	EndGlobalSection
	GlobalSection(ExtensibilityGlobals) = postSolution
		SolutionGuid = {DA663AC1-1234-42A5-B434-B04EEDABFF27}
	EndGlobalSection
EndGlobal
